
Microsoft Visual Studio Solution File, Format Version 12.00
# Visual Studio Version 16
VisualStudioVersion = 16.0.29806.167
MinimumVisualStudioVersion = 10.0.40219.1
Project("{9A19103F-16F7-4668-BE54-9A1E7A4F7556}") = "Inheritance1", "Inheritance1\Inheritance1.csproj", "{020A9D65-94ED-464A-B71C-B1CBBB1980A4}"
EndProject
Project("{9A19103F-16F7-4668-BE54-9A1E7A4F7556}") = "Inheritance2", "Inheritance2\Inheritance2.csproj", "{9229959F-5F27-4272-B3D4-8B6F47A9748D}"
EndProject
Project("{9A19103F-16F7-4668-BE54-9A1E7A4F7556}") = "AbstractClasses", "Inheritance3\AbstractClasses.csproj", "{0B5FCF26-74AC-4F58-B05A-0FC39889C581}"
EndProject
Project("{9A19103F-16F7-4668-BE54-9A1E7A4F7556}") = "Interfaces", "Interfaces\Interfaces.csproj", "{BEFA262C-FBE3-45C4-9847-5711D252A24E}"
EndProject
Project("{9A19103F-16F7-4668-BE54-9A1E7A4F7556}") = "Encapsulation", "Encapsulation\Encapsulation.csproj", "{4DE67314-35BB-4383-8EC0-11444D13091D}"
EndProject
Project("{9A19103F-16F7-4668-BE54-9A1E7A4F7556}") = "FinalApp", "FinalApp\FinalApp.csproj", "{8B189F76-BDAD-4681-ACAF-DD32543452E8}"
EndProject
Project("{9A19103F-16F7-4668-BE54-9A1E7A4F7556}") = "InheritanceChallenge", "InheritanceChallenge\InheritanceChallenge.csproj", "{2149284C-B545-4835-83BF-C7B8DABB7F93}"
EndProject
Project("{9A19103F-16F7-4668-BE54-9A1E7A4F7556}") = "InheritanceChallengeEmployee", "InheritanceChallengeEmployee\InheritanceChallengeEmployee.csproj", "{F9129ED3-18BD-438C-A139-E2320511F7F6}"
EndProject
Project("{9A19103F-16F7-4668-BE54-9A1E7A4F7556}") = "Interfaces2", "Interfaces2\Interfaces2.csproj", "{FA6BA911-CA56-48C5-A8AE-895E772AED97}"
EndProject
Project("{9A19103F-16F7-4668-BE54-9A1E7A4F7556}") = "Polymorphism1", "Polymorphism1\Polymorphism1.csproj", "{7AA8B230-3EFE-4A6A-A895-0AAC59CAC532}"
EndProject
Project("{FAE04EC0-301F-11D3-BF4B-00C04F79EFBC}") = "Interfaces3", "Interfaces3\Interfaces3.csproj", "{228164AF-314F-4513-9611-D1433CC8394C}"
EndProject
Project("{FAE04EC0-301F-11D3-BF4B-00C04F79EFBC}") = "ExplicitInterfaceImplementation", "ExplicitInterfaceImplementation\ExplicitInterfaceImplementation.csproj", "{2260254C-4317-41B3-B249-98B93D968BCB}"
EndProject
Project("{FAE04EC0-301F-11D3-BF4B-00C04F79EFBC}") = "AbstractClasses2", "AbstractClasses2\AbstractClasses2.csproj", "{885B03F8-26EE-4376-90CD-DD85F14B37D6}"
EndProject
Global
	GlobalSection(SolutionConfigurationPlatforms) = preSolution
		Debug|Any CPU = Debug|Any CPU
		Release|Any CPU = Release|Any CPU
	EndGlobalSection
	GlobalSection(ProjectConfigurationPlatforms) = postSolution
		{020A9D65-94ED-464A-B71C-B1CBBB1980A4}.Debug|Any CPU.ActiveCfg = Debug|Any CPU
		{020A9D65-94ED-464A-B71C-B1CBBB1980A4}.Debug|Any CPU.Build.0 = Debug|Any CPU
		{020A9D65-94ED-464A-B71C-B1CBBB1980A4}.Release|Any CPU.ActiveCfg = Release|Any CPU
		{020A9D65-94ED-464A-B71C-B1CBBB1980A4}.Release|Any CPU.Build.0 = Release|Any CPU
		{9229959F-5F27-4272-B3D4-8B6F47A9748D}.Debug|Any CPU.ActiveCfg = Debug|Any CPU
		{9229959F-5F27-4272-B3D4-8B6F47A9748D}.Debug|Any CPU.Build.0 = Debug|Any CPU
		{9229959F-5F27-4272-B3D4-8B6F47A9748D}.Release|Any CPU.ActiveCfg = Release|Any CPU
		{9229959F-5F27-4272-B3D4-8B6F47A9748D}.Release|Any CPU.Build.0 = Release|Any CPU
		{0B5FCF26-74AC-4F58-B05A-0FC39889C581}.Debug|Any CPU.ActiveCfg = Debug|Any CPU
		{0B5FCF26-74AC-4F58-B05A-0FC39889C581}.Debug|Any CPU.Build.0 = Debug|Any CPU
		{0B5FCF26-74AC-4F58-B05A-0FC39889C581}.Release|Any CPU.ActiveCfg = Release|Any CPU
		{0B5FCF26-74AC-4F58-B05A-0FC39889C581}.Release|Any CPU.Build.0 = Release|Any CPU
		{BEFA262C-FBE3-45C4-9847-5711D252A24E}.Debug|Any CPU.ActiveCfg = Debug|Any CPU
		{BEFA262C-FBE3-45C4-9847-5711D252A24E}.Debug|Any CPU.Build.0 = Debug|Any CPU
		{BEFA262C-FBE3-45C4-9847-5711D252A24E}.Release|Any CPU.ActiveCfg = Release|Any CPU
		{BEFA262C-FBE3-45C4-9847-5711D252A24E}.Release|Any CPU.Build.0 = Release|Any CPU
		{4DE67314-35BB-4383-8EC0-11444D13091D}.Debug|Any CPU.ActiveCfg = Debug|Any CPU
		{4DE67314-35BB-4383-8EC0-11444D13091D}.Debug|Any CPU.Build.0 = Debug|Any CPU
		{4DE67314-35BB-4383-8EC0-11444D13091D}.Release|Any CPU.ActiveCfg = Release|Any CPU
		{4DE67314-35BB-4383-8EC0-11444D13091D}.Release|Any CPU.Build.0 = Release|Any CPU
		{8B189F76-BDAD-4681-ACAF-DD32543452E8}.Debug|Any CPU.ActiveCfg = Debug|Any CPU
		{8B189F76-BDAD-4681-ACAF-DD32543452E8}.Debug|Any CPU.Build.0 = Debug|Any CPU
		{8B189F76-BDAD-4681-ACAF-DD32543452E8}.Release|Any CPU.ActiveCfg = Release|Any CPU
		{8B189F76-BDAD-4681-ACAF-DD32543452E8}.Release|Any CPU.Build.0 = Release|Any CPU
		{2149284C-B545-4835-83BF-C7B8DABB7F93}.Debug|Any CPU.ActiveCfg = Debug|Any CPU
		{2149284C-B545-4835-83BF-C7B8DABB7F93}.Debug|Any CPU.Build.0 = Debug|Any CPU
		{2149284C-B545-4835-83BF-C7B8DABB7F93}.Release|Any CPU.ActiveCfg = Release|Any CPU
		{2149284C-B545-4835-83BF-C7B8DABB7F93}.Release|Any CPU.Build.0 = Release|Any CPU
		{F9129ED3-18BD-438C-A139-E2320511F7F6}.Debug|Any CPU.ActiveCfg = Debug|Any CPU
		{F9129ED3-18BD-438C-A139-E2320511F7F6}.Debug|Any CPU.Build.0 = Debug|Any CPU
		{F9129ED3-18BD-438C-A139-E2320511F7F6}.Release|Any CPU.ActiveCfg = Release|Any CPU
		{F9129ED3-18BD-438C-A139-E2320511F7F6}.Release|Any CPU.Build.0 = Release|Any CPU
		{FA6BA911-CA56-48C5-A8AE-895E772AED97}.Debug|Any CPU.ActiveCfg = Debug|Any CPU
		{FA6BA911-CA56-48C5-A8AE-895E772AED97}.Debug|Any CPU.Build.0 = Debug|Any CPU
		{FA6BA911-CA56-48C5-A8AE-895E772AED97}.Release|Any CPU.ActiveCfg = Release|Any CPU
		{FA6BA911-CA56-48C5-A8AE-895E772AED97}.Release|Any CPU.Build.0 = Release|Any CPU
		{7AA8B230-3EFE-4A6A-A895-0AAC59CAC532}.Debug|Any CPU.ActiveCfg = Debug|Any CPU
		{7AA8B230-3EFE-4A6A-A895-0AAC59CAC532}.Debug|Any CPU.Build.0 = Debug|Any CPU
		{7AA8B230-3EFE-4A6A-A895-0AAC59CAC532}.Release|Any CPU.ActiveCfg = Release|Any CPU
		{7AA8B230-3EFE-4A6A-A895-0AAC59CAC532}.Release|Any CPU.Build.0 = Release|Any CPU
		{228164AF-314F-4513-9611-D1433CC8394C}.Debug|Any CPU.ActiveCfg = Debug|Any CPU
		{228164AF-314F-4513-9611-D1433CC8394C}.Debug|Any CPU.Build.0 = Debug|Any CPU
		{228164AF-314F-4513-9611-D1433CC8394C}.Release|Any CPU.ActiveCfg = Release|Any CPU
		{228164AF-314F-4513-9611-D1433CC8394C}.Release|Any CPU.Build.0 = Release|Any CPU
		{2260254C-4317-41B3-B249-98B93D968BCB}.Debug|Any CPU.ActiveCfg = Debug|Any CPU
		{2260254C-4317-41B3-B249-98B93D968BCB}.Debug|Any CPU.Build.0 = Debug|Any CPU
		{2260254C-4317-41B3-B249-98B93D968BCB}.Release|Any CPU.ActiveCfg = Release|Any CPU
		{2260254C-4317-41B3-B249-98B93D968BCB}.Release|Any CPU.Build.0 = Release|Any CPU
		{885B03F8-26EE-4376-90CD-DD85F14B37D6}.Debug|Any CPU.ActiveCfg = Debug|Any CPU
		{885B03F8-26EE-4376-90CD-DD85F14B37D6}.Debug|Any CPU.Build.0 = Debug|Any CPU
		{885B03F8-26EE-4376-90CD-DD85F14B37D6}.Release|Any CPU.ActiveCfg = Release|Any CPU
		{885B03F8-26EE-4376-90CD-DD85F14B37D6}.Release|Any CPU.Build.0 = Release|Any CPU
	EndGlobalSection
	GlobalSection(SolutionProperties) = preSolution
		HideSolutionNode = FALSE
	EndGlobalSection
	GlobalSection(ExtensibilityGlobals) = postSolution
		SolutionGuid = {655E6095-4CE0-41A2-A248-B087AD07BE19}
	EndGlobalSection
EndGlobal
